
Microsoft Visual Studio Solution File, Format Version 12.00
# Visual Studio Version 17
VisualStudioVersion = 17.1.32210.238
MinimumVisualStudioVersion = 10.0.40219.1
Project("{8BC9CEB8-8B4A-11D0-8D11-00A0C91BC942}") = "z2k", "z2k\z2k.vcxproj", "{9A83EF3C-89FA-4CA7-AB6A-239F72E5AA20}"
EndProject
Global
	GlobalSection(SolutionConfigurationPlatforms) = preSolution
		Debug|x64 = Debug|x64
		Debug|x86 = Debug|x86
		Release|x64 = Release|x64
		Release|x86 = Release|x86
	EndGlobalSection
	GlobalSection(ProjectConfigurationPlatforms) = postSolution
		{9A83EF3C-89FA-4CA7-AB6A-239F72E5AA20}.Debug|x64.ActiveCfg = Debug|x64
		{9A83EF3C-89FA-4CA7-AB6A-239F72E5AA20}.Debug|x64.Build.0 = Debug|x64
		{9A83EF3C-89FA-4CA7-AB6A-239F72E5AA20}.Debug|x86.ActiveCfg = Debug|Win32
		{9A83EF3C-89FA-4CA7-AB6A-239F72E5AA20}.Debug|x86.Build.0 = Debug|Win32
		{9A83EF3C-89FA-4CA7-AB6A-239F72E5AA20}.Release|x64.ActiveCfg = Release|x64
		{9A83EF3C-89FA-4CA7-AB6A-239F72E5AA20}.Release|x64.Build.0 = Release|x64
		{9A83EF3C-89FA-4CA7-AB6A-239F72E5AA20}.Release|x86.ActiveCfg = Release|Win32
		{9A83EF3C-89FA-4CA7-AB6A-239F72E5AA20}.Release|x86.Build.0 = Release|Win32
	EndGlobalSection
	GlobalSection(SolutionProperties) = preSolution
		HideSolutionNode = FALSE
	EndGlobalSection
	GlobalSection(ExtensibilityGlobals) = postSolution
		SolutionGuid = {748E2BD7-C5F3-4558-8F9B-8D3696DF8C3E}
	EndGlobalSection
EndGlobal
